
Microsoft Visual Studio Solution File, Format Version 12.00
# Visual Studio Version 17
VisualStudioVersion = 17.0.31903.59
MinimumVisualStudioVersion = 10.0.40219.1
Project("{9A19103F-16F7-4668-BE54-9A1E7A4F7556}") = "SocialWebApp", "SocialWebApp\SocialWebApp.csproj", "{A6B02AFB-00E0-4EED-BC9E-F8F640818797}"
EndProject
Project("{9A19103F-16F7-4668-BE54-9A1E7A4F7556}") = "SocialWebApi", "SocialWebApi\SocialWebApi.csproj", "{59E872ED-0D86-4D8D-9A7D-8980F314E7EB}"
EndProject
Project("{9A19103F-16F7-4668-BE54-9A1E7A4F7556}") = "SocialApp.Models", "SocialApp.Models\SocialApp.Models.csproj", "{785C68B5-0395-4D1E-8B1A-7ECA1434FBB2}"
EndProject
Project("{9A19103F-16F7-4668-BE54-9A1E7A4F7556}") = "Social.Repository", "Social.Repository\Social.Repository.csproj", "{A807C96B-BAA6-4C42-84ED-F2A9A6020C7D}"
EndProject
Project("{FAE04EC0-301F-11D3-BF4B-00C04F79EFBC}") = "Social.Common", "Social.Common\Social.Common.csproj", "{C2A26D05-5FAB-4A39-9E47-FCA4C7483C01}"
EndProject
Global
	GlobalSection(SolutionConfigurationPlatforms) = preSolution
		Debug|Any CPU = Debug|Any CPU
		Release|Any CPU = Release|Any CPU
	EndGlobalSection
	GlobalSection(ProjectConfigurationPlatforms) = postSolution
		{A6B02AFB-00E0-4EED-BC9E-F8F640818797}.Debug|Any CPU.ActiveCfg = Debug|Any CPU
		{A6B02AFB-00E0-4EED-BC9E-F8F640818797}.Debug|Any CPU.Build.0 = Debug|Any CPU
		{A6B02AFB-00E0-4EED-BC9E-F8F640818797}.Release|Any CPU.ActiveCfg = Release|Any CPU
		{A6B02AFB-00E0-4EED-BC9E-F8F640818797}.Release|Any CPU.Build.0 = Release|Any CPU
		{59E872ED-0D86-4D8D-9A7D-8980F314E7EB}.Debug|Any CPU.ActiveCfg = Debug|Any CPU
		{59E872ED-0D86-4D8D-9A7D-8980F314E7EB}.Debug|Any CPU.Build.0 = Debug|Any CPU
		{59E872ED-0D86-4D8D-9A7D-8980F314E7EB}.Release|Any CPU.ActiveCfg = Release|Any CPU
		{59E872ED-0D86-4D8D-9A7D-8980F314E7EB}.Release|Any CPU.Build.0 = Release|Any CPU
		{785C68B5-0395-4D1E-8B1A-7ECA1434FBB2}.Debug|Any CPU.ActiveCfg = Debug|Any CPU
		{785C68B5-0395-4D1E-8B1A-7ECA1434FBB2}.Debug|Any CPU.Build.0 = Debug|Any CPU
		{785C68B5-0395-4D1E-8B1A-7ECA1434FBB2}.Release|Any CPU.ActiveCfg = Release|Any CPU
		{785C68B5-0395-4D1E-8B1A-7ECA1434FBB2}.Release|Any CPU.Build.0 = Release|Any CPU
		{A807C96B-BAA6-4C42-84ED-F2A9A6020C7D}.Debug|Any CPU.ActiveCfg = Debug|Any CPU
		{A807C96B-BAA6-4C42-84ED-F2A9A6020C7D}.Debug|Any CPU.Build.0 = Debug|Any CPU
		{A807C96B-BAA6-4C42-84ED-F2A9A6020C7D}.Release|Any CPU.ActiveCfg = Release|Any CPU
		{A807C96B-BAA6-4C42-84ED-F2A9A6020C7D}.Release|Any CPU.Build.0 = Release|Any CPU
		{C2A26D05-5FAB-4A39-9E47-FCA4C7483C01}.Debug|Any CPU.ActiveCfg = Debug|Any CPU
		{C2A26D05-5FAB-4A39-9E47-FCA4C7483C01}.Debug|Any CPU.Build.0 = Debug|Any CPU
		{C2A26D05-5FAB-4A39-9E47-FCA4C7483C01}.Release|Any CPU.ActiveCfg = Release|Any CPU
		{C2A26D05-5FAB-4A39-9E47-FCA4C7483C01}.Release|Any CPU.Build.0 = Release|Any CPU
	EndGlobalSection
	GlobalSection(SolutionProperties) = preSolution
		HideSolutionNode = FALSE
	EndGlobalSection
	GlobalSection(ExtensibilityGlobals) = postSolution
		SolutionGuid = {590428AF-5337-4D25-A222-86935CFBCF3C}
	EndGlobalSection
EndGlobal
